
Microsoft Visual Studio Solution File, Format Version 12.00
# Visual Studio Version 16
VisualStudioVersion = 16.0.31729.503
MinimumVisualStudioVersion = 10.0.40219.1
Project("{FAE04EC0-301F-11D3-BF4B-00C04F79EFBC}") = "Notes.Android", "Notes\Notes.Android\Notes.Android.csproj", "{B7748BDE-0D3A-4F0A-ADE0-9BD93838306B}"
EndProject
Project("{FAE04EC0-301F-11D3-BF4B-00C04F79EFBC}") = "Notes.iOS", "Notes\Notes.iOS\Notes.iOS.csproj", "{60B5B5D8-4060-4B7B-AD2D-19CB401832F6}"
EndProject
Project("{FAE04EC0-301F-11D3-BF4B-00C04F79EFBC}") = "Notes", "Notes\Notes\Notes.csproj", "{DCA3806B-ACD2-4417-8EC8-D7C9A1701451}"
EndProject
Global
	GlobalSection(SolutionConfigurationPlatforms) = preSolution
		Debug|Any CPU = Debug|Any CPU
		Debug|iPhone = Debug|iPhone
		Debug|iPhoneSimulator = Debug|iPhoneSimulator
		Release|Any CPU = Release|Any CPU
		Release|iPhone = Release|iPhone
		Release|iPhoneSimulator = Release|iPhoneSimulator
	EndGlobalSection
	GlobalSection(ProjectConfigurationPlatforms) = postSolution
		{B7748BDE-0D3A-4F0A-ADE0-9BD93838306B}.Debug|Any CPU.ActiveCfg = Debug|Any CPU
		{B7748BDE-0D3A-4F0A-ADE0-9BD93838306B}.Debug|Any CPU.Build.0 = Debug|Any CPU
		{B7748BDE-0D3A-4F0A-ADE0-9BD93838306B}.Debug|Any CPU.Deploy.0 = Debug|Any CPU
		{B7748BDE-0D3A-4F0A-ADE0-9BD93838306B}.Debug|iPhone.ActiveCfg = Debug|Any CPU
		{B7748BDE-0D3A-4F0A-ADE0-9BD93838306B}.Debug|iPhone.Build.0 = Debug|Any CPU
		{B7748BDE-0D3A-4F0A-ADE0-9BD93838306B}.Debug|iPhone.Deploy.0 = Debug|Any CPU
		{B7748BDE-0D3A-4F0A-ADE0-9BD93838306B}.Debug|iPhoneSimulator.ActiveCfg = Debug|Any CPU
		{B7748BDE-0D3A-4F0A-ADE0-9BD93838306B}.Debug|iPhoneSimulator.Build.0 = Debug|Any CPU
		{B7748BDE-0D3A-4F0A-ADE0-9BD93838306B}.Debug|iPhoneSimulator.Deploy.0 = Debug|Any CPU
		{B7748BDE-0D3A-4F0A-ADE0-9BD93838306B}.Release|Any CPU.ActiveCfg = Release|Any CPU
		{B7748BDE-0D3A-4F0A-ADE0-9BD93838306B}.Release|Any CPU.Build.0 = Release|Any CPU
		{B7748BDE-0D3A-4F0A-ADE0-9BD93838306B}.Release|Any CPU.Deploy.0 = Release|Any CPU
		{B7748BDE-0D3A-4F0A-ADE0-9BD93838306B}.Release|iPhone.ActiveCfg = Release|Any CPU
		{B7748BDE-0D3A-4F0A-ADE0-9BD93838306B}.Release|iPhone.Build.0 = Release|Any CPU
		{B7748BDE-0D3A-4F0A-ADE0-9BD93838306B}.Release|iPhone.Deploy.0 = Release|Any CPU
		{B7748BDE-0D3A-4F0A-ADE0-9BD93838306B}.Release|iPhoneSimulator.ActiveCfg = Release|Any CPU
		{B7748BDE-0D3A-4F0A-ADE0-9BD93838306B}.Release|iPhoneSimulator.Build.0 = Release|Any CPU
		{B7748BDE-0D3A-4F0A-ADE0-9BD93838306B}.Release|iPhoneSimulator.Deploy.0 = Release|Any CPU
		{60B5B5D8-4060-4B7B-AD2D-19CB401832F6}.Debug|Any CPU.ActiveCfg = Debug|iPhone
		{60B5B5D8-4060-4B7B-AD2D-19CB401832F6}.Debug|Any CPU.Build.0 = Debug|iPhone
		{60B5B5D8-4060-4B7B-AD2D-19CB401832F6}.Debug|Any CPU.Deploy.0 = Debug|iPhone
		{60B5B5D8-4060-4B7B-AD2D-19CB401832F6}.Debug|iPhone.ActiveCfg = Debug|iPhone
		{60B5B5D8-4060-4B7B-AD2D-19CB401832F6}.Debug|iPhone.Build.0 = Debug|iPhone
		{60B5B5D8-4060-4B7B-AD2D-19CB401832F6}.Debug|iPhone.Deploy.0 = Debug|iPhone
		{60B5B5D8-4060-4B7B-AD2D-19CB401832F6}.Debug|iPhoneSimulator.ActiveCfg = Debug|iPhoneSimulator
		{60B5B5D8-4060-4B7B-AD2D-19CB401832F6}.Debug|iPhoneSimulator.Build.0 = Debug|iPhoneSimulator
		{60B5B5D8-4060-4B7B-AD2D-19CB401832F6}.Debug|iPhoneSimulator.Deploy.0 = Debug|iPhoneSimulator
		{60B5B5D8-4060-4B7B-AD2D-19CB401832F6}.Release|Any CPU.ActiveCfg = Release|iPhoneSimulator
		{60B5B5D8-4060-4B7B-AD2D-19CB401832F6}.Release|Any CPU.Build.0 = Release|iPhoneSimulator
		{60B5B5D8-4060-4B7B-AD2D-19CB401832F6}.Release|Any CPU.Deploy.0 = Release|iPhoneSimulator
		{60B5B5D8-4060-4B7B-AD2D-19CB401832F6}.Release|iPhone.ActiveCfg = Release|iPhone
		{60B5B5D8-4060-4B7B-AD2D-19CB401832F6}.Release|iPhone.Build.0 = Release|iPhone
		{60B5B5D8-4060-4B7B-AD2D-19CB401832F6}.Release|iPhone.Deploy.0 = Release|iPhone
		{60B5B5D8-4060-4B7B-AD2D-19CB401832F6}.Release|iPhoneSimulator.ActiveCfg = Release|iPhoneSimulator
		{60B5B5D8-4060-4B7B-AD2D-19CB401832F6}.Release|iPhoneSimulator.Build.0 = Release|iPhoneSimulator
		{60B5B5D8-4060-4B7B-AD2D-19CB401832F6}.Release|iPhoneSimulator.Deploy.0 = Release|iPhoneSimulator
		{DCA3806B-ACD2-4417-8EC8-D7C9A1701451}.Debug|Any CPU.ActiveCfg = Debug|Any CPU
		{DCA3806B-ACD2-4417-8EC8-D7C9A1701451}.Debug|Any CPU.Build.0 = Debug|Any CPU
		{DCA3806B-ACD2-4417-8EC8-D7C9A1701451}.Debug|Any CPU.Deploy.0 = Debug|Any CPU
		{DCA3806B-ACD2-4417-8EC8-D7C9A1701451}.Debug|iPhone.ActiveCfg = Debug|Any CPU
		{DCA3806B-ACD2-4417-8EC8-D7C9A1701451}.Debug|iPhone.Build.0 = Debug|Any CPU
		{DCA3806B-ACD2-4417-8EC8-D7C9A1701451}.Debug|iPhone.Deploy.0 = Debug|Any CPU
		{DCA3806B-ACD2-4417-8EC8-D7C9A1701451}.Debug|iPhoneSimulator.ActiveCfg = Debug|Any CPU
		{DCA3806B-ACD2-4417-8EC8-D7C9A1701451}.Debug|iPhoneSimulator.Build.0 = Debug|Any CPU
		{DCA3806B-ACD2-4417-8EC8-D7C9A1701451}.Debug|iPhoneSimulator.Deploy.0 = Debug|Any CPU
		{DCA3806B-ACD2-4417-8EC8-D7C9A1701451}.Release|Any CPU.ActiveCfg = Release|Any CPU
		{DCA3806B-ACD2-4417-8EC8-D7C9A1701451}.Release|Any CPU.Build.0 = Release|Any CPU
		{DCA3806B-ACD2-4417-8EC8-D7C9A1701451}.Release|Any CPU.Deploy.0 = Release|Any CPU
		{DCA3806B-ACD2-4417-8EC8-D7C9A1701451}.Release|iPhone.ActiveCfg = Release|Any CPU
		{DCA3806B-ACD2-4417-8EC8-D7C9A1701451}.Release|iPhone.Build.0 = Release|Any CPU
		{DCA3806B-ACD2-4417-8EC8-D7C9A1701451}.Release|iPhone.Deploy.0 = Release|Any CPU
		{DCA3806B-ACD2-4417-8EC8-D7C9A1701451}.Release|iPhoneSimulator.ActiveCfg = Release|Any CPU
		{DCA3806B-ACD2-4417-8EC8-D7C9A1701451}.Release|iPhoneSimulator.Build.0 = Release|Any CPU
		{DCA3806B-ACD2-4417-8EC8-D7C9A1701451}.Release|iPhoneSimulator.Deploy.0 = Release|Any CPU
	EndGlobalSection
	GlobalSection(SolutionProperties) = preSolution
		HideSolutionNode = FALSE
	EndGlobalSection
	GlobalSection(ExtensibilityGlobals) = postSolution
		SolutionGuid = {A8085B82-3B74-4083-82A1-65F2D86C1A5E}
	EndGlobalSection
EndGlobal
